<Solution>
  <Folder Name="/src/" />
  <Folder Name="/src/BuildingBlocks/">
    <Project Path="src/BuildingBlocks/BuildingBlocks.Application/BuildingBlocks.Application.csproj" Id="f7695c99-8bd6-4bb6-b4fc-d63c95ff933d" />
    <Project Path="src/BuildingBlocks/BuildingBlocks.Domain/BuildingBlocks.Domain.csproj" Id="eb6b6448-4d35-41e1-b708-d63d532433da" />
    <Project Path="src/BuildingBlocks/BuildingBlocks.Infrastructure/BuildingBlocks.Infrastructure.csproj" Id="e63b8de0-9c1d-499b-aa56-97d90592da7f" />
  </Folder>
  <Folder Name="/src/Host/">
    <Project Path="Host/ECommerce.API.UnitTests/ECommerce.API.UnitTests.csproj" Id="cb31cd83-3abc-4251-b6d1-3f5ce50357b6" />
    <Project Path="src/Host/ECommerce.API/ECommerce.API.csproj" Id="8a3dc5dc-e78d-44a2-89bf-a9e8a3d3dac2" />
  </Folder>
  <Folder Name="/src/Modules/" />
  <Folder Name="/src/Modules/Catalog/">
    <Project Path="src/Modules/Catalog/Catalog.Application/Catalog.Application.csproj" Id="43850b28-8b2c-44bc-ac9f-19603e7984b7" />
    <Project Path="src/Modules/Catalog/Catalog.Contracts/Catalog.Contracts.csproj" Id="4d57cb28-c4fc-47aa-ac7e-08c450af5c85" />
    <Project Path="src/Modules/Catalog/Catalog.Domain/Catalog.Domain.csproj" Id="ff6c67f5-bfb2-4c7b-9876-bdbcc5ae068f" />
    <Project Path="src/Modules/Catalog/Catalog.Infrastructure/Catalog.Infrastructure.csproj" Id="2e6a7e0d-5d0a-4bb9-8576-52605d307bf6" />
  </Folder>
  <Folder Name="/src/Modules/Catalog/tests/">
    <Project Path="src/Modules/Catalog/tests/Catalog.Application.UnitTests/Catalog.Application.UnitTests.csproj" Id="8fe82fe4-73ca-4301-a5d8-25eddb7ea960" />
    <Project Path="src/Modules/Catalog/tests/Catalog.Infrastructure.IntegrationTests/Catalog.Infrastructure.IntegrationTests.csproj" Id="21b89e54-b53a-44e0-bf70-a61644f6d6d9" />
  </Folder>
  <Folder Name="/src/Modules/Customer/">
    <Project Path="src/Modules/Customer/Customer.Application/Customer.Application.csproj" Id="32af1196-3fc8-4e5b-b040-8b052cb2d3af" />
    <Project Path="src/Modules/Customer/Customer.Contracts/Customer.Contracts.csproj" Id="11356110-f74d-4600-b9f6-bd1a2cb2a426" />
    <Project Path="src/Modules/Customer/Customer.Domain/Customer.Domain.csproj" Id="d6333f5a-1fd5-4168-95ca-a1827e3d5e8f" />
    <Project Path="src/Modules/Customer/Customer.Infrastructure/Customer.Infrastructure.csproj" Id="548ea6ec-8e88-4c66-a6bb-7bf5958a9ab4" />
  </Folder>
  <Folder Name="/src/Modules/Customer/tests/">
    <Project Path="src/Modules/Customer/tests/Customer.Application.UnitTests/Customer.Application.UnitTests.csproj" Id="ea40142e-0a85-441f-9d1b-c1e8e4056e0a" />
    <Project Path="src/Modules/Customer/tests/Customer.Domain.UnitTests/Customer.Domain.UnitTests.csproj" Id="4d8ca2d8-9204-4479-86cd-398596f89b38" />
  </Folder>
  <Folder Name="/src/Modules/Inventory/">
    <Project Path="src/Modules/Inventory/Inventory.Application/Inventory.Application.csproj" Id="68d11f48-c3ec-4599-9fd6-322688b4da25" />
    <Project Path="src/Modules/Inventory/Inventory.Contracts/Inventory.Contracts.csproj" Id="f355cf29-c311-4d32-a7b0-716b2d0dd92d" />
    <Project Path="src/Modules/Inventory/Inventory.Domain/Inventory.Domain.csproj" Id="c29bd231-7212-4689-a974-b00e306d2b88" />
    <Project Path="src/Modules/Inventory/Inventory.Infrastructure/Inventory.Infrastructure.csproj" Id="1d8db9a7-e2ec-4462-a813-b9f8b8dd17f1" />
  </Folder>
  <Folder Name="/src/Modules/Inventory/tests/">
    <Project Path="src/Modules/Inventory/tests/Inventory.Application.UnitTests/Inventory.Application.UnitTests.csproj" Id="aa054ab0-9d9c-4eb8-bfac-5e59e646ee50" />
    <Project Path="src/Modules/Inventory/tests/Inventory.Domain.UnitTests/Inventory.Domain.UnitTests.csproj" Id="f2830d71-6568-4e1f-86ff-890a877f3517" />
  </Folder>
  <Folder Name="/src/Modules/Notification/">
    <Project Path="src/Modules/Notification/Notification.Application/Notification.Application.csproj" />
    <Project Path="src/Modules/Notification/Notification.Contracts/Notification.Contracts.csproj" />
    <Project Path="src/Modules/Notification/Notification.Domain/Notification.Domain.csproj" />
    <Project Path="src/Modules/Notification/Notification.Infrastructure/Notification.Infrastructure.csproj" />
  </Folder>
  <Folder Name="/src/Modules/Notification/tests/">
    <Project Path="src/Modules/Notification/tests/Notification.Application.UnitTests/Notification.Application.UnitTests.csproj" />
    <Project Path="src/Modules/Notification/tests/Notification.Domain.UnitTests/Notification.Domain.UnitTests.csproj" />
  </Folder>
  <Folder Name="/src/Modules/Pricing/">
    <Project Path="src/Modules/Pricing/Pricing.Application/Pricing.Application.csproj" Id="7a78cb0f-fdc6-4adc-9d59-a3dc16f0b0f7" />
    <Project Path="src/Modules/Pricing/Pricing.Contracts/Pricing.Contracts.csproj" Id="976bfc42-1f17-44c1-a42c-1b1d968ec6db" />
    <Project Path="src/Modules/Pricing/Pricing.Domain/Pricing.Domain.csproj" Id="7c7bfdc0-f8c4-4db3-80ea-3bc9a77798ea" />
    <Project Path="src/Modules/Pricing/Pricing.Infrastructure/Pricing.Infrastructure.csproj" Id="7028b7cf-7781-4d34-aa95-5224cc97701d" />
  </Folder>
  <Folder Name="/src/Modules/Order/">
    <Project Path="src/Modules/Order/Order.Application/Order.Application.csproj" Id="7ff7a64d-57fc-4c6a-a84a-0dc14d22bc79" />
    <Project Path="src/Modules/Order/Order.Contracts/Order.Contracts.csproj" />
    <Project Path="src/Modules/Order/Order.Domain/Order.Domain.csproj" Id="f4774075-173c-4e56-90d7-d12f16f339e3" />
    <Project Path="src/Modules/Order/Order.Infrastructure/Order.Infrastructure.csproj" Id="6f16febe-0938-4907-b29c-faf580ab8e54" />
  </Folder>
  <Folder Name="/src/Modules/Order/tests/">
    <Project Path="src/Modules/Order/tests/Order.Application.UnitTests/Order.Application.UnitTests.csproj" Id="487628b3-e0eb-4f36-bd4c-37ce15f1a11b" />
    <Project Path="src/Modules/Order/tests/Order.Domain.UnitTests/Order.Domain.UnitTests.csproj" Id="6024f9c5-25f9-4353-9b4f-3d2866cd70cd" />
  </Folder>
  <Folder Name="/src/Modules/Pricing/tests/">
    <Project Path="src/Modules/Pricing/tests/Pricing.Application.UnitTests/Pricing.Application.UnitTests.csproj" Id="7fd02df4-a4a9-44c7-957d-f409b29878a5" />
    <Project Path="src/Modules/Pricing/tests/Pricing.Domain.UnitTests/Pricing.Domain.UnitTests.csproj" Id="538d35d6-b628-4665-abf5-8eaedb2f968b" />
    <Project Path="src/Modules/Pricing/tests/Pricing.Infrastructure.IntegrationTests/Pricing.Infrastructure.IntegrationTests.csproj" Id="07f9fb18-0f92-40f1-8544-e4b8d41326bf" />
  </Folder>
  <Folder Name="/src/Modules/Payment/">
    <Project Path="src/Modules/Payment/Payment.Application/Payment.Application.csproj" />
    <Project Path="src/Modules/Payment/Payment.Contracts/Payment.Contracts.csproj" />
    <Project Path="src/Modules/Payment/Payment.Domain/Payment.Domain.csproj" />
    <Project Path="src/Modules/Payment/Payment.Infrastructure/Payment.Infrastructure.csproj" />
  </Folder>
  <Folder Name="/src/Modules/Payment/tests/">
    <Project Path="src/Modules/Payment/tests/Payment.Application.UnitTests/Payment.Application.UnitTests.csproj" />
    <Project Path="src/Modules/Payment/tests/Payment.Domain.UnitTests/Payment.Domain.UnitTests.csproj" />
  </Folder>
  <Folder Name="/src/Modules/Shipment/">
    <Project Path="src/Modules/Shipment/Shipment.Application/Shipment.Application.csproj" />
    <Project Path="src/Modules/Shipment/Shipment.Contracts/Shipment.Contracts.csproj" />
    <Project Path="src/Modules/Shipment/Shipment.Domain/Shipment.Domain.csproj" />
    <Project Path="src/Modules/Shipment/Shipment.Infrastructure/Shipment.Infrastructure.csproj" />
  </Folder>
  <Folder Name="/src/Modules/Shipment/tests/">
    <Project Path="src/Modules/Shipment/tests/Shipment.Application.UnitTests/Shipment.Application.UnitTests.csproj" />
    <Project Path="src/Modules/Shipment/tests/Shipment.Domain.UnitTests/Shipment.Domain.UnitTests.csproj" />
  </Folder>
  <Folder Name="/src/Modules/Store/">
    <Project Path="src/Modules/Store/Store.Application/Store.Application.csproj" Id="a108953a-6d73-404e-a2c1-746725f34faf" />
    <Project Path="src/Modules/Store/Store.Domain/Store.Domain.csproj" Id="d05d0387-07e0-4cd3-bc98-7a6286e8ef80" />
    <Project Path="src/Modules/Store/Store.Infrastructure/Store.Infrastructure.csproj" Id="b852b9e9-8612-4f7e-ae87-a78a6d017165" />
  </Folder>
  <Folder Name="/src/Modules/Store/tests/">
    <Project Path="src/Modules/Store/tests/Store.Application.UnitTests/Store.Application.UnitTests.csproj" Id="62235dac-4485-4c36-84cc-591e87e1abc0" />
    <Project Path="src/Modules/Store/tests/Store.Domain.UnitTests/Store.Domain.UnitTests.csproj" Id="a777c7d7-2eb0-4119-b5b9-339ee05760fb" />
    <Project Path="src/Modules/Store/tests/Store.Infrastructure.IntegrationTests/Store.Infrastructure.IntegrationTests.csproj" />
  </Folder>
</Solution>

